// !$*UTF8*$!
{
	archiveVersion = 1;
	classes = {
	};
	objectVersion = 52;
	objects = {

/* Begin PBXBuildFile section */
		A515F62127058EA500A835C5 /* EditContactModuleViewController.swift in Sources */ = {isa = PBXBuildFile; fileRef = A515F62027058EA500A835C5 /* EditContactModuleViewController.swift */; };
		A515F62427059AB300A835C5 /* EditContactCell.swift in Sources */ = {isa = PBXBuildFile; fileRef = A515F62327059AB300A835C5 /* EditContactCell.swift */; };
		A515F62627059B5400A835C5 /* UITitledLabel.swift in Sources */ = {isa = PBXBuildFile; fileRef = A515F62527059B5400A835C5 /* UITitledLabel.swift */; };
		A515F62827059BDB00A835C5 /* UITitledTextView.swift in Sources */ = {isa = PBXBuildFile; fileRef = A515F62727059BDB00A835C5 /* UITitledTextView.swift */; };
		A515F62A2705C59400A835C5 /* UITextViewWithPlaceholder.swift in Sources */ = {isa = PBXBuildFile; fileRef = A515F6292705C59400A835C5 /* UITextViewWithPlaceholder.swift */; };
		A515F62F2706565300A835C5 /* RxKeyboard in Frameworks */ = {isa = PBXBuildFile; productRef = A515F62E2706565300A835C5 /* RxKeyboard */; };
		A515F63127065AB100A835C5 /* UIStyleAppearance.swift in Sources */ = {isa = PBXBuildFile; fileRef = A515F63027065AB100A835C5 /* UIStyleAppearance.swift */; };
		A5918E162704BEC300DAD757 /* AppDelegate.swift in Sources */ = {isa = PBXBuildFile; fileRef = A5918E152704BEC200DAD757 /* AppDelegate.swift */; };
		A5918E1A2704BEC300DAD757 /* ContactListModuleController.swift in Sources */ = {isa = PBXBuildFile; fileRef = A5918E192704BEC300DAD757 /* ContactListModuleController.swift */; };
		A5918E1F2704BEC500DAD757 /* Assets.xcassets in Resources */ = {isa = PBXBuildFile; fileRef = A5918E1E2704BEC500DAD757 /* Assets.xcassets */; };
		A5918E222704BEC500DAD757 /* LaunchScreen.storyboard in Resources */ = {isa = PBXBuildFile; fileRef = A5918E202704BEC500DAD757 /* LaunchScreen.storyboard */; };
		A5918E2E2704C36E00DAD757 /* SnapKit in Frameworks */ = {isa = PBXBuildFile; productRef = A5918E2D2704C36E00DAD757 /* SnapKit */; };
		A5918E312704C40E00DAD757 /* ContactModel.swift in Sources */ = {isa = PBXBuildFile; fileRef = A5918E302704C40E00DAD757 /* ContactModel.swift */; };
		A5918E342704C97B00DAD757 /* ContactCell.swift in Sources */ = {isa = PBXBuildFile; fileRef = A5918E332704C97B00DAD757 /* ContactCell.swift */; };
		A5918E362704E65100DAD757 /* UIExtension.swift in Sources */ = {isa = PBXBuildFile; fileRef = A5918E352704E65100DAD757 /* UIExtension.swift */; };
		A5918E392704EFA300DAD757 /* RxCocoa in Frameworks */ = {isa = PBXBuildFile; productRef = A5918E382704EFA300DAD757 /* RxCocoa */; };
		A5918E3B2704EFA300DAD757 /* RxSwift in Frameworks */ = {isa = PBXBuildFile; productRef = A5918E3A2704EFA300DAD757 /* RxSwift */; };
		A5918E3E2704F0D700DAD757 /* RxDataSources in Frameworks */ = {isa = PBXBuildFile; productRef = A5918E3D2704F0D700DAD757 /* RxDataSources */; };
/* End PBXBuildFile section */

/* Begin PBXFileReference section */
		A515F62027058EA500A835C5 /* EditContactModuleViewController.swift */ = {isa = PBXFileReference; lastKnownFileType = sourcecode.swift; path = EditContactModuleViewController.swift; sourceTree = "<group>"; };
		A515F62327059AB300A835C5 /* EditContactCell.swift */ = {isa = PBXFileReference; lastKnownFileType = sourcecode.swift; path = EditContactCell.swift; sourceTree = "<group>"; };
		A515F62527059B5400A835C5 /* UITitledLabel.swift */ = {isa = PBXFileReference; lastKnownFileType = sourcecode.swift; path = UITitledLabel.swift; sourceTree = "<group>"; };
		A515F62727059BDB00A835C5 /* UITitledTextView.swift */ = {isa = PBXFileReference; lastKnownFileType = sourcecode.swift; path = UITitledTextView.swift; sourceTree = "<group>"; };
		A515F6292705C59400A835C5 /* UITextViewWithPlaceholder.swift */ = {isa = PBXFileReference; lastKnownFileType = sourcecode.swift; path = UITextViewWithPlaceholder.swift; sourceTree = "<group>"; };
		A515F63027065AB100A835C5 /* UIStyleAppearance.swift */ = {isa = PBXFileReference; lastKnownFileType = sourcecode.swift; path = UIStyleAppearance.swift; sourceTree = "<group>"; };
		A5918E122704BEC200DAD757 /* tensor_task.app */ = {isa = PBXFileReference; explicitFileType = wrapper.application; includeInIndex = 0; path = tensor_task.app; sourceTree = BUILT_PRODUCTS_DIR; };
		A5918E152704BEC200DAD757 /* AppDelegate.swift */ = {isa = PBXFileReference; lastKnownFileType = sourcecode.swift; path = AppDelegate.swift; sourceTree = "<group>"; };
		A5918E192704BEC300DAD757 /* ContactListModuleController.swift */ = {isa = PBXFileReference; lastKnownFileType = sourcecode.swift; path = ContactListModuleController.swift; sourceTree = "<group>"; };
		A5918E1E2704BEC500DAD757 /* Assets.xcassets */ = {isa = PBXFileReference; lastKnownFileType = folder.assetcatalog; path = Assets.xcassets; sourceTree = "<group>"; };
		A5918E212704BEC500DAD757 /* Base */ = {isa = PBXFileReference; lastKnownFileType = file.storyboard; name = Base; path = Base.lproj/LaunchScreen.storyboard; sourceTree = "<group>"; };
		A5918E232704BEC500DAD757 /* Info.plist */ = {isa = PBXFileReference; lastKnownFileType = text.plist.xml; path = Info.plist; sourceTree = "<group>"; };
		A5918E302704C40E00DAD757 /* ContactModel.swift */ = {isa = PBXFileReference; lastKnownFileType = sourcecode.swift; path = ContactModel.swift; sourceTree = "<group>"; };
		A5918E332704C97B00DAD757 /* ContactCell.swift */ = {isa = PBXFileReference; lastKnownFileType = sourcecode.swift; path = ContactCell.swift; sourceTree = "<group>"; };
		A5918E352704E65100DAD757 /* UIExtension.swift */ = {isa = PBXFileReference; lastKnownFileType = sourcecode.swift; path = UIExtension.swift; sourceTree = "<group>"; };
/* End PBXFileReference section */

/* Begin PBXFrameworksBuildPhase section */
		A5918E0F2704BEC200DAD757 /* Frameworks */ = {
			isa = PBXFrameworksBuildPhase;
			buildActionMask = 2147483647;
			files = (
				A5918E3B2704EFA300DAD757 /* RxSwift in Frameworks */,
				A5918E3E2704F0D700DAD757 /* RxDataSources in Frameworks */,
				A5918E392704EFA300DAD757 /* RxCocoa in Frameworks */,
				A5918E2E2704C36E00DAD757 /* SnapKit in Frameworks */,
				A515F62F2706565300A835C5 /* RxKeyboard in Frameworks */,
			);
			runOnlyForDeploymentPostprocessing = 0;
		};
/* End PBXFrameworksBuildPhase section */

/* Begin PBXGroup section */
		A515F62227059A9E00A835C5 /* View */ = {
			isa = PBXGroup;
			children = (
				A515F62327059AB300A835C5 /* EditContactCell.swift */,
			);
			path = View;
			sourceTree = "<group>";
		};
		A5918E092704BEC200DAD757 = {
			isa = PBXGroup;
			children = (
				A5918E142704BEC200DAD757 /* tensor_task */,
				A5918E132704BEC200DAD757 /* Products */,
			);
			sourceTree = "<group>";
		};
		A5918E132704BEC200DAD757 /* Products */ = {
			isa = PBXGroup;
			children = (
				A5918E122704BEC200DAD757 /* tensor_task.app */,
			);
			name = Products;
			sourceTree = "<group>";
		};
		A5918E142704BEC200DAD757 /* tensor_task */ = {
			isa = PBXGroup;
			children = (
				A5918E152704BEC200DAD757 /* AppDelegate.swift */,
				A5918E2F2704C3EC00DAD757 /* Data */,
				A5918E292704BFC200DAD757 /* Modules */,
				A5918E1E2704BEC500DAD757 /* Assets.xcassets */,
				A5918E202704BEC500DAD757 /* LaunchScreen.storyboard */,
				A5918E232704BEC500DAD757 /* Info.plist */,
				A5918E352704E65100DAD757 /* UIExtension.swift */,
				A515F62527059B5400A835C5 /* UITitledLabel.swift */,
				A515F62727059BDB00A835C5 /* UITitledTextView.swift */,
				A515F6292705C59400A835C5 /* UITextViewWithPlaceholder.swift */,
				A515F63027065AB100A835C5 /* UIStyleAppearance.swift */,
			);
			path = tensor_task;
			sourceTree = "<group>";
		};
		A5918E292704BFC200DAD757 /* Modules */ = {
			isa = PBXGroup;
			children = (
				A5918E2B2704C08500DAD757 /* EditContactModule */,
				A5918E2A2704C07700DAD757 /* ContactListModule */,
			);
			path = Modules;
			sourceTree = "<group>";
		};
		A5918E2A2704C07700DAD757 /* ContactListModule */ = {
			isa = PBXGroup;
			children = (
				A5918E322704C96A00DAD757 /* View */,
				A5918E192704BEC300DAD757 /* ContactListModuleController.swift */,
			);
			path = ContactListModule;
			sourceTree = "<group>";
		};
		A5918E2B2704C08500DAD757 /* EditContactModule */ = {
			isa = PBXGroup;
			children = (
				A515F62227059A9E00A835C5 /* View */,
				A515F62027058EA500A835C5 /* EditContactModuleViewController.swift */,
			);
			path = EditContactModule;
			sourceTree = "<group>";
		};
		A5918E2F2704C3EC00DAD757 /* Data */ = {
			isa = PBXGroup;
			children = (
				A5918E302704C40E00DAD757 /* ContactModel.swift */,
			);
			path = Data;
			sourceTree = "<group>";
		};
		A5918E322704C96A00DAD757 /* View */ = {
			isa = PBXGroup;
			children = (
				A5918E332704C97B00DAD757 /* ContactCell.swift */,
			);
			path = View;
			sourceTree = "<group>";
		};
/* End PBXGroup section */

/* Begin PBXNativeTarget section */
		A5918E112704BEC200DAD757 /* tensor_task */ = {
			isa = PBXNativeTarget;
			buildConfigurationList = A5918E262704BEC500DAD757 /* Build configuration list for PBXNativeTarget "tensor_task" */;
			buildPhases = (
				A5918E0E2704BEC200DAD757 /* Sources */,
				A5918E0F2704BEC200DAD757 /* Frameworks */,
				A5918E102704BEC200DAD757 /* Resources */,
			);
			buildRules = (
			);
			dependencies = (
			);
			name = tensor_task;
			packageProductDependencies = (
				A5918E2D2704C36E00DAD757 /* SnapKit */,
				A5918E382704EFA300DAD757 /* RxCocoa */,
				A5918E3A2704EFA300DAD757 /* RxSwift */,
				A5918E3D2704F0D700DAD757 /* RxDataSources */,
				A515F62E2706565300A835C5 /* RxKeyboard */,
			);
			productName = tensor_task;
			productReference = A5918E122704BEC200DAD757 /* tensor_task.app */;
			productType = "com.apple.product-type.application";
		};
/* End PBXNativeTarget section */

/* Begin PBXProject section */
		A5918E0A2704BEC200DAD757 /* Project object */ = {
			isa = PBXProject;
			attributes = {
				LastSwiftUpdateCheck = 1250;
				LastUpgradeCheck = 1250;
				TargetAttributes = {
					A5918E112704BEC200DAD757 = {
						CreatedOnToolsVersion = 12.5;
					};
				};
			};
			buildConfigurationList = A5918E0D2704BEC200DAD757 /* Build configuration list for PBXProject "tensor_task" */;
			compatibilityVersion = "Xcode 9.3";
			developmentRegion = en;
			hasScannedForEncodings = 0;
			knownRegions = (
				en,
				Base,
			);
			mainGroup = A5918E092704BEC200DAD757;
			packageReferences = (
				A5918E2C2704C36E00DAD757 /* XCRemoteSwiftPackageReference "SnapKit" */,
				A5918E372704EFA300DAD757 /* XCRemoteSwiftPackageReference "RxSwift" */,
				A5918E3C2704F0D700DAD757 /* XCRemoteSwiftPackageReference "RxDataSources" */,
				A515F62D2706565200A835C5 /* XCRemoteSwiftPackageReference "RxKeyboard" */,
			);
			productRefGroup = A5918E132704BEC200DAD757 /* Products */;
			projectDirPath = "";
			projectRoot = "";
			targets = (
				A5918E112704BEC200DAD757 /* tensor_task */,
			);
		};
/* End PBXProject section */

/* Begin PBXResourcesBuildPhase section */
		A5918E102704BEC200DAD757 /* Resources */ = {
			isa = PBXResourcesBuildPhase;
			buildActionMask = 2147483647;
			files = (
				A5918E222704BEC500DAD757 /* LaunchScreen.storyboard in Resources */,
				A5918E1F2704BEC500DAD757 /* Assets.xcassets in Resources */,
			);
			runOnlyForDeploymentPostprocessing = 0;
		};
/* End PBXResourcesBuildPhase section */

/* Begin PBXSourcesBuildPhase section */
		A5918E0E2704BEC200DAD757 /* Sources */ = {
			isa = PBXSourcesBuildPhase;
			buildActionMask = 2147483647;
			files = (
				A5918E342704C97B00DAD757 /* ContactCell.swift in Sources */,
				A5918E1A2704BEC300DAD757 /* ContactListModuleController.swift in Sources */,
				A515F62627059B5400A835C5 /* UITitledLabel.swift in Sources */,
				A515F62827059BDB00A835C5 /* UITitledTextView.swift in Sources */,
				A5918E162704BEC300DAD757 /* AppDelegate.swift in Sources */,
				A515F62A2705C59400A835C5 /* UITextViewWithPlaceholder.swift in Sources */,
				A5918E362704E65100DAD757 /* UIExtension.swift in Sources */,
				A5918E312704C40E00DAD757 /* ContactModel.swift in Sources */,
				A515F62127058EA500A835C5 /* EditContactModuleViewController.swift in Sources */,
				A515F63127065AB100A835C5 /* UIStyleAppearance.swift in Sources */,
				A515F62427059AB300A835C5 /* EditContactCell.swift in Sources */,
			);
			runOnlyForDeploymentPostprocessing = 0;
		};
/* End PBXSourcesBuildPhase section */

/* Begin PBXVariantGroup section */
		A5918E202704BEC500DAD757 /* LaunchScreen.storyboard */ = {
			isa = PBXVariantGroup;
			children = (
				A5918E212704BEC500DAD757 /* Base */,
			);
			name = LaunchScreen.storyboard;
			sourceTree = "<group>";
		};
/* End PBXVariantGroup section */

/* Begin XCBuildConfiguration section */
		A5918E242704BEC500DAD757 /* Debug */ = {
			isa = XCBuildConfiguration;
			buildSettings = {
				ALWAYS_SEARCH_USER_PATHS = NO;
				CLANG_ANALYZER_NONNULL = YES;
				CLANG_ANALYZER_NUMBER_OBJECT_CONVERSION = YES_AGGRESSIVE;
				CLANG_CXX_LANGUAGE_STANDARD = "gnu++14";
				CLANG_CXX_LIBRARY = "libc++";
				CLANG_ENABLE_MODULES = YES;
				CLANG_ENABLE_OBJC_ARC = YES;
				CLANG_ENABLE_OBJC_WEAK = YES;
				CLANG_WARN_BLOCK_CAPTURE_AUTORELEASING = YES;
				CLANG_WARN_BOOL_CONVERSION = YES;
				CLANG_WARN_COMMA = YES;
				CLANG_WARN_CONSTANT_CONVERSION = YES;
				CLANG_WARN_DEPRECATED_OBJC_IMPLEMENTATIONS = YES;
				CLANG_WARN_DIRECT_OBJC_ISA_USAGE = YES_ERROR;
				CLANG_WARN_DOCUMENTATION_COMMENTS = YES;
				CLANG_WARN_EMPTY_BODY = YES;
				CLANG_WARN_ENUM_CONVERSION = YES;
				CLANG_WARN_INFINITE_RECURSION = YES;
				CLANG_WARN_INT_CONVERSION = YES;
				CLANG_WARN_NON_LITERAL_NULL_CONVERSION = YES;
				CLANG_WARN_OBJC_IMPLICIT_RETAIN_SELF = YES;
				CLANG_WARN_OBJC_LITERAL_CONVERSION = YES;
				CLANG_WARN_OBJC_ROOT_CLASS = YES_ERROR;
				CLANG_WARN_QUOTED_INCLUDE_IN_FRAMEWORK_HEADER = YES;
				CLANG_WARN_RANGE_LOOP_ANALYSIS = YES;
				CLANG_WARN_STRICT_PROTOTYPES = YES;
				CLANG_WARN_SUSPICIOUS_MOVE = YES;
				CLANG_WARN_UNGUARDED_AVAILABILITY = YES_AGGRESSIVE;
				CLANG_WARN_UNREACHABLE_CODE = YES;
				CLANG_WARN__DUPLICATE_METHOD_MATCH = YES;
				COPY_PHASE_STRIP = NO;
				DEBUG_INFORMATION_FORMAT = dwarf;
				ENABLE_STRICT_OBJC_MSGSEND = YES;
				ENABLE_TESTABILITY = YES;
				GCC_C_LANGUAGE_STANDARD = gnu11;
				GCC_DYNAMIC_NO_PIC = NO;
				GCC_NO_COMMON_BLOCKS = YES;
				GCC_OPTIMIZATION_LEVEL = 0;
				GCC_PREPROCESSOR_DEFINITIONS = (
					"DEBUG=1",
					"$(inherited)",
				);
				GCC_WARN_64_TO_32_BIT_CONVERSION = YES;
				GCC_WARN_ABOUT_RETURN_TYPE = YES_ERROR;
				GCC_WARN_UNDECLARED_SELECTOR = YES;
				GCC_WARN_UNINITIALIZED_AUTOS = YES_AGGRESSIVE;
				GCC_WARN_UNUSED_FUNCTION = YES;
				GCC_WARN_UNUSED_VARIABLE = YES;
				IPHONEOS_DEPLOYMENT_TARGET = 14.5;
				MTL_ENABLE_DEBUG_INFO = INCLUDE_SOURCE;
				MTL_FAST_MATH = YES;
				ONLY_ACTIVE_ARCH = YES;
				SDKROOT = iphoneos;
				SWIFT_ACTIVE_COMPILATION_CONDITIONS = DEBUG;
				SWIFT_OPTIMIZATION_LEVEL = "-Onone";
			};
			name = Debug;
		};
		A5918E252704BEC500DAD757 /* Release */ = {
			isa = XCBuildConfiguration;
			buildSettings = {
				ALWAYS_SEARCH_USER_PATHS = NO;
				CLANG_ANALYZER_NONNULL = YES;
				CLANG_ANALYZER_NUMBER_OBJECT_CONVERSION = YES_AGGRESSIVE;
				CLANG_CXX_LANGUAGE_STANDARD = "gnu++14";
				CLANG_CXX_LIBRARY = "libc++";
				CLANG_ENABLE_MODULES = YES;
				CLANG_ENABLE_OBJC_ARC = YES;
				CLANG_ENABLE_OBJC_WEAK = YES;
				CLANG_WARN_BLOCK_CAPTURE_AUTORELEASING = YES;
				CLANG_WARN_BOOL_CONVERSION = YES;
				CLANG_WARN_COMMA = YES;
				CLANG_WARN_CONSTANT_CONVERSION = YES;
				CLANG_WARN_DEPRECATED_OBJC_IMPLEMENTATIONS = YES;
				CLANG_WARN_DIRECT_OBJC_ISA_USAGE = YES_ERROR;
				CLANG_WARN_DOCUMENTATION_COMMENTS = YES;
				CLANG_WARN_EMPTY_BODY = YES;
				CLANG_WARN_ENUM_CONVERSION = YES;
				CLANG_WARN_INFINITE_RECURSION = YES;
				CLANG_WARN_INT_CONVERSION = YES;
				CLANG_WARN_NON_LITERAL_NULL_CONVERSION = YES;
				CLANG_WARN_OBJC_IMPLICIT_RETAIN_SELF = YES;
				CLANG_WARN_OBJC_LITERAL_CONVERSION = YES;
				CLANG_WARN_OBJC_ROOT_CLASS = YES_ERROR;
				CLANG_WARN_QUOTED_INCLUDE_IN_FRAMEWORK_HEADER = YES;
				CLANG_WARN_RANGE_LOOP_ANALYSIS = YES;
				CLANG_WARN_STRICT_PROTOTYPES = YES;
				CLANG_WARN_SUSPICIOUS_MOVE = YES;
				CLANG_WARN_UNGUARDED_AVAILABILITY = YES_AGGRESSIVE;
				CLANG_WARN_UNREACHABLE_CODE = YES;
				CLANG_WARN__DUPLICATE_METHOD_MATCH = YES;
				COPY_PHASE_STRIP = NO;
				DEBUG_INFORMATION_FORMAT = "dwarf-with-dsym";
				ENABLE_NS_ASSERTIONS = NO;
				ENABLE_STRICT_OBJC_MSGSEND = YES;
				GCC_C_LANGUAGE_STANDARD = gnu11;
				GCC_NO_COMMON_BLOCKS = YES;
				GCC_WARN_64_TO_32_BIT_CONVERSION = YES;
				GCC_WARN_ABOUT_RETURN_TYPE = YES_ERROR;
				GCC_WARN_UNDECLARED_SELECTOR = YES;
				GCC_WARN_UNINITIALIZED_AUTOS = YES_AGGRESSIVE;
				GCC_WARN_UNUSED_FUNCTION = YES;
				GCC_WARN_UNUSED_VARIABLE = YES;
				IPHONEOS_DEPLOYMENT_TARGET = 14.5;
				MTL_ENABLE_DEBUG_INFO = NO;
				MTL_FAST_MATH = YES;
				SDKROOT = iphoneos;
				SWIFT_COMPILATION_MODE = wholemodule;
				SWIFT_OPTIMIZATION_LEVEL = "-O";
				VALIDATE_PRODUCT = YES;
			};
			name = Release;
		};
		A5918E272704BEC500DAD757 /* Debug */ = {
			isa = XCBuildConfiguration;
			buildSettings = {
				ASSETCATALOG_COMPILER_APPICON_NAME = AppIcon;
				ASSETCATALOG_COMPILER_GLOBAL_ACCENT_COLOR_NAME = AccentColor;
				CODE_SIGN_STYLE = Automatic;
				DEVELOPMENT_TEAM = NQJ9NTT9DK;
				INFOPLIST_FILE = tensor_task/Info.plist;
				LD_RUNPATH_SEARCH_PATHS = (
					"$(inherited)",
					"@executable_path/Frameworks",
				);
				PRODUCT_BUNDLE_IDENTIFIER = "lucky-dev.tensor-task";
				PRODUCT_NAME = "$(TARGET_NAME)";
				SWIFT_VERSION = 5.0;
				TARGETED_DEVICE_FAMILY = "1,2";
			};
			name = Debug;
		};
		A5918E282704BEC500DAD757 /* Release */ = {
			isa = XCBuildConfiguration;
			buildSettings = {
				ASSETCATALOG_COMPILER_APPICON_NAME = AppIcon;
				ASSETCATALOG_COMPILER_GLOBAL_ACCENT_COLOR_NAME = AccentColor;
				CODE_SIGN_STYLE = Automatic;
				DEVELOPMENT_TEAM = NQJ9NTT9DK;
				INFOPLIST_FILE = tensor_task/Info.plist;
				LD_RUNPATH_SEARCH_PATHS = (
					"$(inherited)",
					"@executable_path/Frameworks",
				);
				PRODUCT_BUNDLE_IDENTIFIER = "lucky-dev.tensor-task";
				PRODUCT_NAME = "$(TARGET_NAME)";
				SWIFT_VERSION = 5.0;
				TARGETED_DEVICE_FAMILY = "1,2";
			};
			name = Release;
		};
/* End XCBuildConfiguration section */

/* Begin XCConfigurationList section */
		A5918E0D2704BEC200DAD757 /* Build configuration list for PBXProject "tensor_task" */ = {
			isa = XCConfigurationList;
			buildConfigurations = (
				A5918E242704BEC500DAD757 /* Debug */,
				A5918E252704BEC500DAD757 /* Release */,
			);
			defaultConfigurationIsVisible = 0;
			defaultConfigurationName = Release;
		};
		A5918E262704BEC500DAD757 /* Build configuration list for PBXNativeTarget "tensor_task" */ = {
			isa = XCConfigurationList;
			buildConfigurations = (
				A5918E272704BEC500DAD757 /* Debug */,
				A5918E282704BEC500DAD757 /* Release */,
			);
			defaultConfigurationIsVisible = 0;
			defaultConfigurationName = Release;
		};
/* End XCConfigurationList section */

/* Begin XCRemoteSwiftPackageReference section */
		A515F62D2706565200A835C5 /* XCRemoteSwiftPackageReference "RxKeyboard" */ = {
			isa = XCRemoteSwiftPackageReference;
			repositoryURL = "https://github.com/RxSwiftCommunity/RxKeyboard";
			requirement = {
				kind = upToNextMajorVersion;
				minimumVersion = 2.0.0;
			};
		};
		A5918E2C2704C36E00DAD757 /* XCRemoteSwiftPackageReference "SnapKit" */ = {
			isa = XCRemoteSwiftPackageReference;
			repositoryURL = "https://github.com/SnapKit/SnapKit";
			requirement = {
				kind = upToNextMajorVersion;
				minimumVersion = 5.0.1;
			};
		};
		A5918E372704EFA300DAD757 /* XCRemoteSwiftPackageReference "RxSwift" */ = {
			isa = XCRemoteSwiftPackageReference;
			repositoryURL = "https://github.com/ReactiveX/RxSwift";
			requirement = {
				kind = upToNextMajorVersion;
				minimumVersion = 6.2.0;
			};
		};
		A5918E3C2704F0D700DAD757 /* XCRemoteSwiftPackageReference "RxDataSources" */ = {
			isa = XCRemoteSwiftPackageReference;
			repositoryURL = "https://github.com/RxSwiftCommunity/RxDataSources";
			requirement = {
				kind = upToNextMajorVersion;
				minimumVersion = 5.0.2;
			};
		};
/* End XCRemoteSwiftPackageReference section */

/* Begin XCSwiftPackageProductDependency section */
		A515F62E2706565300A835C5 /* RxKeyboard */ = {
			isa = XCSwiftPackageProductDependency;
			package = A515F62D2706565200A835C5 /* XCRemoteSwiftPackageReference "RxKeyboard" */;
			productName = RxKeyboard;
		};
		A5918E2D2704C36E00DAD757 /* SnapKit */ = {
			isa = XCSwiftPackageProductDependency;
			package = A5918E2C2704C36E00DAD757 /* XCRemoteSwiftPackageReference "SnapKit" */;
			productName = SnapKit;
		};
		A5918E382704EFA300DAD757 /* RxCocoa */ = {
			isa = XCSwiftPackageProductDependency;
			package = A5918E372704EFA300DAD757 /* XCRemoteSwiftPackageReference "RxSwift" */;
			productName = RxCocoa;
		};
		A5918E3A2704EFA300DAD757 /* RxSwift */ = {
			isa = XCSwiftPackageProductDependency;
			package = A5918E372704EFA300DAD757 /* XCRemoteSwiftPackageReference "RxSwift" */;
			productName = RxSwift;
		};
		A5918E3D2704F0D700DAD757 /* RxDataSources */ = {
			isa = XCSwiftPackageProductDependency;
			package = A5918E3C2704F0D700DAD757 /* XCRemoteSwiftPackageReference "RxDataSources" */;
			productName = RxDataSources;
		};
/* End XCSwiftPackageProductDependency section */
	};
	rootObject = A5918E0A2704BEC200DAD757 /* Project object */;
}
